// !$*UTF8*$!
{
	archiveVersion = 1;
	classes = {
	};
	objectVersion = 46;
	objects = {

/* Begin PBXBuildFile section */
		135A40A21F5966660063404B /* VideoSearchDemo.xcdatamodeld in Sources */ = {isa = PBXBuildFile; fileRef = 135A40A01F5966660063404B /* VideoSearchDemo.xcdatamodeld */; };
		135BE0481F5177C3003C255E /* AppDelegate.swift in Sources */ = {isa = PBXBuildFile; fileRef = 135BE0471F5177C3003C255E /* AppDelegate.swift */; };
		135BE04D1F5177C4003C255E /* Main.storyboard in Resources */ = {isa = PBXBuildFile; fileRef = 135BE04B1F5177C4003C255E /* Main.storyboard */; };
		135BE04F1F5177C4003C255E /* Assets.xcassets in Resources */ = {isa = PBXBuildFile; fileRef = 135BE04E1F5177C4003C255E /* Assets.xcassets */; };
		135BE0521F5177C4003C255E /* LaunchScreen.storyboard in Resources */ = {isa = PBXBuildFile; fileRef = 135BE0501F5177C4003C255E /* LaunchScreen.storyboard */; };
		7917899D1F5BD0D900C1176F /* CoreDataHandler.swift in Sources */ = {isa = PBXBuildFile; fileRef = 7917899A1F5BD0D900C1176F /* CoreDataHandler.swift */; };
		7917899E1F5BD0D900C1176F /* Video+CoreDataClass.swift in Sources */ = {isa = PBXBuildFile; fileRef = 7917899B1F5BD0D900C1176F /* Video+CoreDataClass.swift */; };
		7917899F1F5BD0D900C1176F /* Video+CoreDataProperties.swift in Sources */ = {isa = PBXBuildFile; fileRef = 7917899C1F5BD0D900C1176F /* Video+CoreDataProperties.swift */; };
		791789A61F5BD10800C1176F /* GiphyModels.swift in Sources */ = {isa = PBXBuildFile; fileRef = 791789A21F5BD10800C1176F /* GiphyModels.swift */; };
		791789A71F5BD10800C1176F /* VideoListModels.swift in Sources */ = {isa = PBXBuildFile; fileRef = 791789A31F5BD10800C1176F /* VideoListModels.swift */; };
		791789A81F5BD10800C1176F /* VideoPlayerVC.swift in Sources */ = {isa = PBXBuildFile; fileRef = 791789A41F5BD10800C1176F /* VideoPlayerVC.swift */; };
		791789A91F5BD10800C1176F /* ViewController.swift in Sources */ = {isa = PBXBuildFile; fileRef = 791789A51F5BD10800C1176F /* ViewController.swift */; };
		791789AF1F5BD12C00C1176F /* APICalls.swift in Sources */ = {isa = PBXBuildFile; fileRef = 791789AB1F5BD12C00C1176F /* APICalls.swift */; };
		791789B01F5BD12C00C1176F /* Cells.swift in Sources */ = {isa = PBXBuildFile; fileRef = 791789AC1F5BD12C00C1176F /* Cells.swift */; };
		791789B11F5BD12C00C1176F /* CustomTransition.swift in Sources */ = {isa = PBXBuildFile; fileRef = 791789AD1F5BD12C00C1176F /* CustomTransition.swift */; };
		791789B21F5BD12C00C1176F /* Extension.swift in Sources */ = {isa = PBXBuildFile; fileRef = 791789AE1F5BD12C00C1176F /* Extension.swift */; };
/* End PBXBuildFile section */

/* Begin PBXFileReference section */
		135A40A11F5966660063404B /* VideoSearchDemo.xcdatamodel */ = {isa = PBXFileReference; lastKnownFileType = wrapper.xcdatamodel; path = VideoSearchDemo.xcdatamodel; sourceTree = "<group>"; };
		135BE0441F5177C3003C255E /* VideoSearchDemo.app */ = {isa = PBXFileReference; explicitFileType = wrapper.application; includeInIndex = 0; path = VideoSearchDemo.app; sourceTree = BUILT_PRODUCTS_DIR; };
		135BE0471F5177C3003C255E /* AppDelegate.swift */ = {isa = PBXFileReference; lastKnownFileType = sourcecode.swift; path = AppDelegate.swift; sourceTree = "<group>"; };
		135BE04C1F5177C4003C255E /* Base */ = {isa = PBXFileReference; lastKnownFileType = file.storyboard; name = Base; path = Base.lproj/Main.storyboard; sourceTree = "<group>"; };
		135BE04E1F5177C4003C255E /* Assets.xcassets */ = {isa = PBXFileReference; lastKnownFileType = folder.assetcatalog; path = Assets.xcassets; sourceTree = "<group>"; };
		135BE0511F5177C4003C255E /* Base */ = {isa = PBXFileReference; lastKnownFileType = file.storyboard; name = Base; path = Base.lproj/LaunchScreen.storyboard; sourceTree = "<group>"; };
		135BE0531F5177C4003C255E /* Info.plist */ = {isa = PBXFileReference; lastKnownFileType = text.plist.xml; path = Info.plist; sourceTree = "<group>"; };
		7917899A1F5BD0D900C1176F /* CoreDataHandler.swift */ = {isa = PBXFileReference; fileEncoding = 4; lastKnownFileType = sourcecode.swift; path = CoreDataHandler.swift; sourceTree = "<group>"; };
		7917899B1F5BD0D900C1176F /* Video+CoreDataClass.swift */ = {isa = PBXFileReference; fileEncoding = 4; lastKnownFileType = sourcecode.swift; path = "Video+CoreDataClass.swift"; sourceTree = "<group>"; };
		7917899C1F5BD0D900C1176F /* Video+CoreDataProperties.swift */ = {isa = PBXFileReference; fileEncoding = 4; lastKnownFileType = sourcecode.swift; path = "Video+CoreDataProperties.swift"; sourceTree = "<group>"; };
		791789A21F5BD10800C1176F /* GiphyModels.swift */ = {isa = PBXFileReference; fileEncoding = 4; lastKnownFileType = sourcecode.swift; path = GiphyModels.swift; sourceTree = "<group>"; };
		791789A31F5BD10800C1176F /* VideoListModels.swift */ = {isa = PBXFileReference; fileEncoding = 4; lastKnownFileType = sourcecode.swift; path = VideoListModels.swift; sourceTree = "<group>"; };
		791789A41F5BD10800C1176F /* VideoPlayerVC.swift */ = {isa = PBXFileReference; fileEncoding = 4; lastKnownFileType = sourcecode.swift; path = VideoPlayerVC.swift; sourceTree = "<group>"; };
		791789A51F5BD10800C1176F /* ViewController.swift */ = {isa = PBXFileReference; fileEncoding = 4; lastKnownFileType = sourcecode.swift; path = ViewController.swift; sourceTree = "<group>"; };
		791789AB1F5BD12C00C1176F /* APICalls.swift */ = {isa = PBXFileReference; fileEncoding = 4; lastKnownFileType = sourcecode.swift; path = APICalls.swift; sourceTree = "<group>"; };
		791789AC1F5BD12C00C1176F /* Cells.swift */ = {isa = PBXFileReference; fileEncoding = 4; lastKnownFileType = sourcecode.swift; path = Cells.swift; sourceTree = "<group>"; };
		791789AD1F5BD12C00C1176F /* CustomTransition.swift */ = {isa = PBXFileReference; fileEncoding = 4; lastKnownFileType = sourcecode.swift; path = CustomTransition.swift; sourceTree = "<group>"; };
		791789AE1F5BD12C00C1176F /* Extension.swift */ = {isa = PBXFileReference; fileEncoding = 4; lastKnownFileType = sourcecode.swift; path = Extension.swift; sourceTree = "<group>"; };
/* End PBXFileReference section */

/* Begin PBXFrameworksBuildPhase section */
		135BE0411F5177C3003C255E /* Frameworks */ = {
			isa = PBXFrameworksBuildPhase;
			buildActionMask = 2147483647;
			files = (
			);
			runOnlyForDeploymentPostprocessing = 0;
		};
/* End PBXFrameworksBuildPhase section */

/* Begin PBXGroup section */
		135BE03B1F5177C3003C255E = {
			isa = PBXGroup;
			children = (
				135BE0461F5177C3003C255E /* VideoSearchDemo */,
				135BE0451F5177C3003C255E /* Products */,
			);
			sourceTree = "<group>";
		};
		135BE0451F5177C3003C255E /* Products */ = {
			isa = PBXGroup;
			children = (
				135BE0441F5177C3003C255E /* VideoSearchDemo.app */,
			);
			name = Products;
			sourceTree = "<group>";
		};
		135BE0461F5177C3003C255E /* VideoSearchDemo */ = {
			isa = PBXGroup;
			children = (
				135BE0471F5177C3003C255E /* AppDelegate.swift */,
				135BE05B1F517A7F003C255E /* Storyboard */,
				791789A01F5BD10800C1176F /* ViewControllers */,
				791789991F5BD0D900C1176F /* CoreData */,
				791789AA1F5BD12C00C1176F /* Others */,
				135BE05C1F517AA6003C255E /* SupportingFiles */,
				135BE04E1F5177C4003C255E /* Assets.xcassets */,
			);
			path = VideoSearchDemo;
			sourceTree = "<group>";
		};
		135BE05B1F517A7F003C255E /* Storyboard */ = {
			isa = PBXGroup;
			children = (
				135BE04B1F5177C4003C255E /* Main.storyboard */,
				135BE0501F5177C4003C255E /* LaunchScreen.storyboard */,
			);
			name = Storyboard;
			sourceTree = "<group>";
		};
		135BE05C1F517AA6003C255E /* SupportingFiles */ = {
			isa = PBXGroup;
			children = (
				135A40A01F5966660063404B /* VideoSearchDemo.xcdatamodeld */,
				135BE0531F5177C4003C255E /* Info.plist */,
			);
			name = SupportingFiles;
			sourceTree = "<group>";
		};
		791789991F5BD0D900C1176F /* CoreData */ = {
			isa = PBXGroup;
			children = (
				7917899A1F5BD0D900C1176F /* CoreDataHandler.swift */,
				7917899B1F5BD0D900C1176F /* Video+CoreDataClass.swift */,
				7917899C1F5BD0D900C1176F /* Video+CoreDataProperties.swift */,
			);
			path = CoreData;
			sourceTree = "<group>";
		};
		791789A01F5BD10800C1176F /* ViewControllers */ = {
			isa = PBXGroup;
			children = (
				791789A11F5BD10800C1176F /* Model */,
				791789A41F5BD10800C1176F /* VideoPlayerVC.swift */,
				791789A51F5BD10800C1176F /* ViewController.swift */,
			);
			path = ViewControllers;
			sourceTree = "<group>";
		};
		791789A11F5BD10800C1176F /* Model */ = {
			isa = PBXGroup;
			children = (
				791789A21F5BD10800C1176F /* GiphyModels.swift */,
				791789A31F5BD10800C1176F /* VideoListModels.swift */,
			);
			path = Model;
			sourceTree = "<group>";
		};
		791789AA1F5BD12C00C1176F /* Others */ = {
			isa = PBXGroup;
			children = (
				791789AB1F5BD12C00C1176F /* APICalls.swift */,
				791789AC1F5BD12C00C1176F /* Cells.swift */,
				791789AD1F5BD12C00C1176F /* CustomTransition.swift */,
				791789AE1F5BD12C00C1176F /* Extension.swift */,
			);
			path = Others;
			sourceTree = "<group>";
		};
/* End PBXGroup section */

/* Begin PBXNativeTarget section */
		135BE0431F5177C3003C255E /* VideoSearchDemo */ = {
			isa = PBXNativeTarget;
			buildConfigurationList = 135BE0561F5177C4003C255E /* Build configuration list for PBXNativeTarget "VideoSearchDemo" */;
			buildPhases = (
				135BE0401F5177C3003C255E /* Sources */,
				135BE0411F5177C3003C255E /* Frameworks */,
				135BE0421F5177C3003C255E /* Resources */,
			);
			buildRules = (
			);
			dependencies = (
			);
			name = VideoSearchDemo;
			productName = VideoSearchDemo;
			productReference = 135BE0441F5177C3003C255E /* VideoSearchDemo.app */;
			productType = "com.apple.product-type.application";
		};
/* End PBXNativeTarget section */

/* Begin PBXProject section */
		135BE03C1F5177C3003C255E /* Project object */ = {
			isa = PBXProject;
			attributes = {
				LastSwiftUpdateCheck = 0830;
				LastUpgradeCheck = 0830;
				ORGANIZATIONNAME = "Vikash Kumar";
				TargetAttributes = {
					135BE0431F5177C3003C255E = {
						CreatedOnToolsVersion = 8.3.3;
						DevelopmentTeam = RF7N2574KF;
						ProvisioningStyle = Automatic;
					};
				};
			};
			buildConfigurationList = 135BE03F1F5177C3003C255E /* Build configuration list for PBXProject "VideoSearchDemo" */;
			compatibilityVersion = "Xcode 3.2";
			developmentRegion = English;
			hasScannedForEncodings = 0;
			knownRegions = (
				en,
				Base,
			);
			mainGroup = 135BE03B1F5177C3003C255E;
			productRefGroup = 135BE0451F5177C3003C255E /* Products */;
			projectDirPath = "";
			projectRoot = "";
			targets = (
				135BE0431F5177C3003C255E /* VideoSearchDemo */,
			);
		};
/* End PBXProject section */

/* Begin PBXResourcesBuildPhase section */
		135BE0421F5177C3003C255E /* Resources */ = {
			isa = PBXResourcesBuildPhase;
			buildActionMask = 2147483647;
			files = (
				135BE0521F5177C4003C255E /* LaunchScreen.storyboard in Resources */,
				135BE04F1F5177C4003C255E /* Assets.xcassets in Resources */,
				135BE04D1F5177C4003C255E /* Main.storyboard in Resources */,
			);
			runOnlyForDeploymentPostprocessing = 0;
		};
/* End PBXResourcesBuildPhase section */

/* Begin PBXSourcesBuildPhase section */
		135BE0401F5177C3003C255E /* Sources */ = {
			isa = PBXSourcesBuildPhase;
			buildActionMask = 2147483647;
			files = (
				7917899D1F5BD0D900C1176F /* CoreDataHandler.swift in Sources */,
				135BE0481F5177C3003C255E /* AppDelegate.swift in Sources */,
				7917899E1F5BD0D900C1176F /* Video+CoreDataClass.swift in Sources */,
				135A40A21F5966660063404B /* VideoSearchDemo.xcdatamodeld in Sources */,
				791789A91F5BD10800C1176F /* ViewController.swift in Sources */,
				7917899F1F5BD0D900C1176F /* Video+CoreDataProperties.swift in Sources */,
				791789A71F5BD10800C1176F /* VideoListModels.swift in Sources */,
				791789B11F5BD12C00C1176F /* CustomTransition.swift in Sources */,
				791789A61F5BD10800C1176F /* GiphyModels.swift in Sources */,
				791789B21F5BD12C00C1176F /* Extension.swift in Sources */,
				791789B01F5BD12C00C1176F /* Cells.swift in Sources */,
				791789AF1F5BD12C00C1176F /* APICalls.swift in Sources */,
				791789A81F5BD10800C1176F /* VideoPlayerVC.swift in Sources */,
			);
			runOnlyForDeploymentPostprocessing = 0;
		};
/* End PBXSourcesBuildPhase section */

/* Begin PBXVariantGroup section */
		135BE04B1F5177C4003C255E /* Main.storyboard */ = {
			isa = PBXVariantGroup;
			children = (
				135BE04C1F5177C4003C255E /* Base */,
			);
			name = Main.storyboard;
			sourceTree = "<group>";
		};
		135BE0501F5177C4003C255E /* LaunchScreen.storyboard */ = {
			isa = PBXVariantGroup;
			children = (
				135BE0511F5177C4003C255E /* Base */,
			);
			name = LaunchScreen.storyboard;
			sourceTree = "<group>";
		};
/* End PBXVariantGroup section */

/* Begin XCBuildConfiguration section */
		135BE0541F5177C4003C255E /* Debug */ = {
			isa = XCBuildConfiguration;
			buildSettings = {
				ALWAYS_SEARCH_USER_PATHS = NO;
				CLANG_ANALYZER_NONNULL = YES;
				CLANG_ANALYZER_NUMBER_OBJECT_CONVERSION = YES_AGGRESSIVE;
				CLANG_CXX_LANGUAGE_STANDARD = "gnu++0x";
				CLANG_CXX_LIBRARY = "libc++";
				CLANG_ENABLE_MODULES = YES;
				CLANG_ENABLE_OBJC_ARC = YES;
				CLANG_WARN_BOOL_CONVERSION = YES;
				CLANG_WARN_CONSTANT_CONVERSION = YES;
				CLANG_WARN_DIRECT_OBJC_ISA_USAGE = YES_ERROR;
				CLANG_WARN_DOCUMENTATION_COMMENTS = YES;
				CLANG_WARN_EMPTY_BODY = YES;
				CLANG_WARN_ENUM_CONVERSION = YES;
				CLANG_WARN_INFINITE_RECURSION = YES;
				CLANG_WARN_INT_CONVERSION = YES;
				CLANG_WARN_OBJC_ROOT_CLASS = YES_ERROR;
				CLANG_WARN_SUSPICIOUS_MOVE = YES;
				CLANG_WARN_UNREACHABLE_CODE = YES;
				CLANG_WARN__DUPLICATE_METHOD_MATCH = YES;
				"CODE_SIGN_IDENTITY[sdk=iphoneos*]" = "iPhone Developer";
				COPY_PHASE_STRIP = NO;
				DEBUG_INFORMATION_FORMAT = dwarf;
				ENABLE_STRICT_OBJC_MSGSEND = YES;
				ENABLE_TESTABILITY = YES;
				GCC_C_LANGUAGE_STANDARD = gnu99;
				GCC_DYNAMIC_NO_PIC = NO;
				GCC_NO_COMMON_BLOCKS = YES;
				GCC_OPTIMIZATION_LEVEL = 0;
				GCC_PREPROCESSOR_DEFINITIONS = (
					"DEBUG=1",
					"$(inherited)",
				);
				GCC_WARN_64_TO_32_BIT_CONVERSION = YES;
				GCC_WARN_ABOUT_RETURN_TYPE = YES_ERROR;
				GCC_WARN_UNDECLARED_SELECTOR = YES;
				GCC_WARN_UNINITIALIZED_AUTOS = YES_AGGRESSIVE;
				GCC_WARN_UNUSED_FUNCTION = YES;
				GCC_WARN_UNUSED_VARIABLE = YES;
				IPHONEOS_DEPLOYMENT_TARGET = 10.3;
				MTL_ENABLE_DEBUG_INFO = YES;
				ONLY_ACTIVE_ARCH = YES;
				SDKROOT = iphoneos;
				SWIFT_ACTIVE_COMPILATION_CONDITIONS = DEBUG;
				SWIFT_OPTIMIZATION_LEVEL = "-Onone";
				TARGETED_DEVICE_FAMILY = "1,2";
			};
			name = Debug;
		};
		135BE0551F5177C4003C255E /* Release */ = {
			isa = XCBuildConfiguration;
			buildSettings = {
				ALWAYS_SEARCH_USER_PATHS = NO;
				CLANG_ANALYZER_NONNULL = YES;
				CLANG_ANALYZER_NUMBER_OBJECT_CONVERSION = YES_AGGRESSIVE;
				CLANG_CXX_LANGUAGE_STANDARD = "gnu++0x";
				CLANG_CXX_LIBRARY = "libc++";
				CLANG_ENABLE_MODULES = YES;
				CLANG_ENABLE_OBJC_ARC = YES;
				CLANG_WARN_BOOL_CONVERSION = YES;
				CLANG_WARN_CONSTANT_CONVERSION = YES;
				CLANG_WARN_DIRECT_OBJC_ISA_USAGE = YES_ERROR;
				CLANG_WARN_DOCUMENTATION_COMMENTS = YES;
				CLANG_WARN_EMPTY_BODY = YES;
				CLANG_WARN_ENUM_CONVERSION = YES;
				CLANG_WARN_INFINITE_RECURSION = YES;
				CLANG_WARN_INT_CONVERSION = YES;
				CLANG_WARN_OBJC_ROOT_CLASS = YES_ERROR;
				CLANG_WARN_SUSPICIOUS_MOVE = YES;
				CLANG_WARN_UNREACHABLE_CODE = YES;
				CLANG_WARN__DUPLICATE_METHOD_MATCH = YES;
				"CODE_SIGN_IDENTITY[sdk=iphoneos*]" = "iPhone Developer";
				COPY_PHASE_STRIP = NO;
				DEBUG_INFORMATION_FORMAT = "dwarf-with-dsym";
				ENABLE_NS_ASSERTIONS = NO;
				ENABLE_STRICT_OBJC_MSGSEND = YES;
				GCC_C_LANGUAGE_STANDARD = gnu99;
				GCC_NO_COMMON_BLOCKS = YES;
				GCC_WARN_64_TO_32_BIT_CONVERSION = YES;
				GCC_WARN_ABOUT_RETURN_TYPE = YES_ERROR;
				GCC_WARN_UNDECLARED_SELECTOR = YES;
				GCC_WARN_UNINITIALIZED_AUTOS = YES_AGGRESSIVE;
				GCC_WARN_UNUSED_FUNCTION = YES;
				GCC_WARN_UNUSED_VARIABLE = YES;
				IPHONEOS_DEPLOYMENT_TARGET = 10.3;
				MTL_ENABLE_DEBUG_INFO = NO;
				SDKROOT = iphoneos;
				SWIFT_OPTIMIZATION_LEVEL = "-Owholemodule";
				TARGETED_DEVICE_FAMILY = "1,2";
				VALIDATE_PRODUCT = YES;
			};
			name = Release;
		};
		135BE0571F5177C4003C255E /* Debug */ = {
			isa = XCBuildConfiguration;
			buildSettings = {
				ASSETCATALOG_COMPILER_APPICON_NAME = AppIcon;
				DEVELOPMENT_TEAM = RF7N2574KF;
				INFOPLIST_FILE = VideoSearchDemo/Info.plist;
				IPHONEOS_DEPLOYMENT_TARGET = 10.0;
				LD_RUNPATH_SEARCH_PATHS = "$(inherited) @executable_path/Frameworks";
				PRODUCT_BUNDLE_IDENTIFIER = VKP.VideoSearchDemo;
				PRODUCT_NAME = "$(TARGET_NAME)";
				SWIFT_VERSION = 3.0;
			};
			name = Debug;
		};
		135BE0581F5177C4003C255E /* Release */ = {
			isa = XCBuildConfiguration;
			buildSettings = {
				ASSETCATALOG_COMPILER_APPICON_NAME = AppIcon;
				DEVELOPMENT_TEAM = RF7N2574KF;
				INFOPLIST_FILE = VideoSearchDemo/Info.plist;
				IPHONEOS_DEPLOYMENT_TARGET = 10.0;
				LD_RUNPATH_SEARCH_PATHS = "$(inherited) @executable_path/Frameworks";
				PRODUCT_BUNDLE_IDENTIFIER = VKP.VideoSearchDemo;
				PRODUCT_NAME = "$(TARGET_NAME)";
				SWIFT_VERSION = 3.0;
			};
			name = Release;
		};
/* End XCBuildConfiguration section */

/* Begin XCConfigurationList section */
		135BE03F1F5177C3003C255E /* Build configuration list for PBXProject "VideoSearchDemo" */ = {
			isa = XCConfigurationList;
			buildConfigurations = (
				135BE0541F5177C4003C255E /* Debug */,
				135BE0551F5177C4003C255E /* Release */,
			);
			defaultConfigurationIsVisible = 0;
			defaultConfigurationName = Release;
		};
		135BE0561F5177C4003C255E /* Build configuration list for PBXNativeTarget "VideoSearchDemo" */ = {
			isa = XCConfigurationList;
			buildConfigurations = (
				135BE0571F5177C4003C255E /* Debug */,
				135BE0581F5177C4003C255E /* Release */,
			);
			defaultConfigurationIsVisible = 0;
			defaultConfigurationName = Release;
		};
/* End XCConfigurationList section */

/* Begin XCVersionGroup section */
		135A40A01F5966660063404B /* VideoSearchDemo.xcdatamodeld */ = {
			isa = XCVersionGroup;
			children = (
				135A40A11F5966660063404B /* VideoSearchDemo.xcdatamodel */,
			);
			currentVersion = 135A40A11F5966660063404B /* VideoSearchDemo.xcdatamodel */;
			path = VideoSearchDemo.xcdatamodeld;
			sourceTree = "<group>";
			versionGroupType = wrapper.xcdatamodel;
		};
/* End XCVersionGroup section */
	};
	rootObject = 135BE03C1F5177C3003C255E /* Project object */;
}
